// !$*UTF8*$!
{
	archiveVersion = 1;
	classes = {
	};
	objectVersion = 50;
	objects = {

/* Begin PBXBuildFile section */
		32A89B8A24DF13060084B69D /* AppDelegate.swift in Sources */ = {isa = PBXBuildFile; fileRef = 32A89B8924DF13060084B69D /* AppDelegate.swift */; };
		32A89B8C24DF13060084B69D /* SceneDelegate.swift in Sources */ = {isa = PBXBuildFile; fileRef = 32A89B8B24DF13060084B69D /* SceneDelegate.swift */; };
		32A89B8E24DF13060084B69D /* ContentView.swift in Sources */ = {isa = PBXBuildFile; fileRef = 32A89B8D24DF13060084B69D /* ContentView.swift */; };
		32A89B9024DF130A0084B69D /* Assets.xcassets in Resources */ = {isa = PBXBuildFile; fileRef = 32A89B8F24DF130A0084B69D /* Assets.xcassets */; };
		32A89B9324DF130A0084B69D /* Preview Assets.xcassets in Resources */ = {isa = PBXBuildFile; fileRef = 32A89B9224DF130A0084B69D /* Preview Assets.xcassets */; };
		32A89B9624DF130A0084B69D /* LaunchScreen.storyboard in Resources */ = {isa = PBXBuildFile; fileRef = 32A89B9424DF130A0084B69D /* LaunchScreen.storyboard */; };
/* End PBXBuildFile section */

/* Begin PBXFileReference section */
		32A89B8624DF13060084B69D /* Animations Demo.app */ = {isa = PBXFileReference; explicitFileType = wrapper.application; includeInIndex = 0; path = "Animations Demo.app"; sourceTree = BUILT_PRODUCTS_DIR; };
		32A89B8924DF13060084B69D /* AppDelegate.swift */ = {isa = PBXFileReference; lastKnownFileType = sourcecode.swift; path = AppDelegate.swift; sourceTree = "<group>"; };
		32A89B8B24DF13060084B69D /* SceneDelegate.swift */ = {isa = PBXFileReference; lastKnownFileType = sourcecode.swift; path = SceneDelegate.swift; sourceTree = "<group>"; };
		32A89B8D24DF13060084B69D /* ContentView.swift */ = {isa = PBXFileReference; lastKnownFileType = sourcecode.swift; path = ContentView.swift; sourceTree = "<group>"; };
		32A89B8F24DF130A0084B69D /* Assets.xcassets */ = {isa = PBXFileReference; lastKnownFileType = folder.assetcatalog; path = Assets.xcassets; sourceTree = "<group>"; };
		32A89B9224DF130A0084B69D /* Preview Assets.xcassets */ = {isa = PBXFileReference; lastKnownFileType = folder.assetcatalog; path = "Preview Assets.xcassets"; sourceTree = "<group>"; };
		32A89B9524DF130A0084B69D /* Base */ = {isa = PBXFileReference; lastKnownFileType = file.storyboard; name = Base; path = Base.lproj/LaunchScreen.storyboard; sourceTree = "<group>"; };
		32A89B9724DF130A0084B69D /* Info.plist */ = {isa = PBXFileReference; lastKnownFileType = text.plist.xml; path = Info.plist; sourceTree = "<group>"; };
/* End PBXFileReference section */

/* Begin PBXFrameworksBuildPhase section */
		32A89B8324DF13060084B69D /* Frameworks */ = {
			isa = PBXFrameworksBuildPhase;
			buildActionMask = 2147483647;
			files = (
			);
			runOnlyForDeploymentPostprocessing = 0;
		};
/* End PBXFrameworksBuildPhase section */

/* Begin PBXGroup section */
		32A89B7D24DF13060084B69D = {
			isa = PBXGroup;
			children = (
				32A89B8824DF13060084B69D /* Animations Demo */,
				32A89B8724DF13060084B69D /* Products */,
			);
			sourceTree = "<group>";
		};
		32A89B8724DF13060084B69D /* Products */ = {
			isa = PBXGroup;
			children = (
				32A89B8624DF13060084B69D /* Animations Demo.app */,
			);
			name = Products;
			sourceTree = "<group>";
		};
		32A89B8824DF13060084B69D /* Animations Demo */ = {
			isa = PBXGroup;
			children = (
				32A89B8924DF13060084B69D /* AppDelegate.swift */,
				32A89B8B24DF13060084B69D /* SceneDelegate.swift */,
				32A89B8D24DF13060084B69D /* ContentView.swift */,
				32A89B8F24DF130A0084B69D /* Assets.xcassets */,
				32A89B9424DF130A0084B69D /* LaunchScreen.storyboard */,
				32A89B9724DF130A0084B69D /* Info.plist */,
				32A89B9124DF130A0084B69D /* Preview Content */,
			);
			path = "Animations Demo";
			sourceTree = "<group>";
		};
		32A89B9124DF130A0084B69D /* Preview Content */ = {
			isa = PBXGroup;
			children = (
				32A89B9224DF130A0084B69D /* Preview Assets.xcassets */,
			);
			path = "Preview Content";
			sourceTree = "<group>";
		};
/* End PBXGroup section */

/* Begin PBXNativeTarget section */
		32A89B8524DF13060084B69D /* Animations Demo */ = {
			isa = PBXNativeTarget;
			buildConfigurationList = 32A89B9A24DF130A0084B69D /* Build configuration list for PBXNativeTarget "Animations Demo" */;
			buildPhases = (
				32A89B8224DF13060084B69D /* Sources */,
				32A89B8324DF13060084B69D /* Frameworks */,
				32A89B8424DF13060084B69D /* Resources */,
			);
			buildRules = (
			);
			dependencies = (
			);
			name = "Animations Demo";
			productName = "Animations Demo";
			productReference = 32A89B8624DF13060084B69D /* Animations Demo.app */;
			productType = "com.apple.product-type.application";
		};
/* End PBXNativeTarget section */

/* Begin PBXProject section */
		32A89B7E24DF13060084B69D /* Project object */ = {
			isa = PBXProject;
			attributes = {
				LastSwiftUpdateCheck = 1140;
				LastUpgradeCheck = 1140;
				ORGANIZATIONNAME = nikhit;
				TargetAttributes = {
					32A89B8524DF13060084B69D = {
						CreatedOnToolsVersion = 11.4.1;
					};
				};
			};
			buildConfigurationList = 32A89B8124DF13060084B69D /* Build configuration list for PBXProject "Animations Demo" */;
			compatibilityVersion = "Xcode 9.3";
			developmentRegion = en;
			hasScannedForEncodings = 0;
			knownRegions = (
				en,
				Base,
			);
			mainGroup = 32A89B7D24DF13060084B69D;
			productRefGroup = 32A89B8724DF13060084B69D /* Products */;
			projectDirPath = "";
			projectRoot = "";
			targets = (
				32A89B8524DF13060084B69D /* Animations Demo */,
			);
		};
/* End PBXProject section */

/* Begin PBXResourcesBuildPhase section */
		32A89B8424DF13060084B69D /* Resources */ = {
			isa = PBXResourcesBuildPhase;
			buildActionMask = 2147483647;
			files = (
				32A89B9624DF130A0084B69D /* LaunchScreen.storyboard in Resources */,
				32A89B9324DF130A0084B69D /* Preview Assets.xcassets in Resources */,
				32A89B9024DF130A0084B69D /* Assets.xcassets in Resources */,
			);
			runOnlyForDeploymentPostprocessing = 0;
		};
/* End PBXResourcesBuildPhase section */

/* Begin PBXSourcesBuildPhase section */
		32A89B8224DF13060084B69D /* Sources */ = {
			isa = PBXSourcesBuildPhase;
			buildActionMask = 2147483647;
			files = (
				32A89B8A24DF13060084B69D /* AppDelegate.swift in Sources */,
				32A89B8C24DF13060084B69D /* SceneDelegate.swift in Sources */,
				32A89B8E24DF13060084B69D /* ContentView.swift in Sources */,
			);
			runOnlyForDeploymentPostprocessing = 0;
		};
/* End PBXSourcesBuildPhase section */

/* Begin PBXVariantGroup section */
		32A89B9424DF130A0084B69D /* LaunchScreen.storyboard */ = {
			isa = PBXVariantGroup;
			children = (
				32A89B9524DF130A0084B69D /* Base */,
			);
			name = LaunchScreen.storyboard;
			sourceTree = "<group>";
		};
/* End PBXVariantGroup section */

/* Begin XCBuildConfiguration section */
		32A89B9824DF130A0084B69D /* Debug */ = {
			isa = XCBuildConfiguration;
			buildSettings = {
				ALWAYS_SEARCH_USER_PATHS = NO;
				CLANG_ANALYZER_NONNULL = YES;
				CLANG_ANALYZER_NUMBER_OBJECT_CONVERSION = YES_AGGRESSIVE;
				CLANG_CXX_LANGUAGE_STANDARD = "gnu++14";
				CLANG_CXX_LIBRARY = "libc++";
				CLANG_ENABLE_MODULES = YES;
				CLANG_ENABLE_OBJC_ARC = YES;
				CLANG_ENABLE_OBJC_WEAK = YES;
				CLANG_WARN_BLOCK_CAPTURE_AUTORELEASING = YES;
				CLANG_WARN_BOOL_CONVERSION = YES;
				CLANG_WARN_COMMA = YES;
				CLANG_WARN_CONSTANT_CONVERSION = YES;
				CLANG_WARN_DEPRECATED_OBJC_IMPLEMENTATIONS = YES;
				CLANG_WARN_DIRECT_OBJC_ISA_USAGE = YES_ERROR;
				CLANG_WARN_DOCUMENTATION_COMMENTS = YES;
				CLANG_WARN_EMPTY_BODY = YES;
				CLANG_WARN_ENUM_CONVERSION = YES;
				CLANG_WARN_INFINITE_RECURSION = YES;
				CLANG_WARN_INT_CONVERSION = YES;
				CLANG_WARN_NON_LITERAL_NULL_CONVERSION = YES;
				CLANG_WARN_OBJC_IMPLICIT_RETAIN_SELF = YES;
				CLANG_WARN_OBJC_LITERAL_CONVERSION = YES;
				CLANG_WARN_OBJC_ROOT_CLASS = YES_ERROR;
				CLANG_WARN_RANGE_LOOP_ANALYSIS = YES;
				CLANG_WARN_STRICT_PROTOTYPES = YES;
				CLANG_WARN_SUSPICIOUS_MOVE = YES;
				CLANG_WARN_UNGUARDED_AVAILABILITY = YES_AGGRESSIVE;
				CLANG_WARN_UNREACHABLE_CODE = YES;
				CLANG_WARN__DUPLICATE_METHOD_MATCH = YES;
				COPY_PHASE_STRIP = NO;
				DEBUG_INFORMATION_FORMAT = dwarf;
				ENABLE_STRICT_OBJC_MSGSEND = YES;
				ENABLE_TESTABILITY = YES;
				GCC_C_LANGUAGE_STANDARD = gnu11;
				GCC_DYNAMIC_NO_PIC = NO;
				GCC_NO_COMMON_BLOCKS = YES;
				GCC_OPTIMIZATION_LEVEL = 0;
				GCC_PREPROCESSOR_DEFINITIONS = (
					"DEBUG=1",
					"$(inherited)",
				);
				GCC_WARN_64_TO_32_BIT_CONVERSION = YES;
				GCC_WARN_ABOUT_RETURN_TYPE = YES_ERROR;
				GCC_WARN_UNDECLARED_SELECTOR = YES;
				GCC_WARN_UNINITIALIZED_AUTOS = YES_AGGRESSIVE;
				GCC_WARN_UNUSED_FUNCTION = YES;
				GCC_WARN_UNUSED_VARIABLE = YES;
				IPHONEOS_DEPLOYMENT_TARGET = 13.4;
				MTL_ENABLE_DEBUG_INFO = INCLUDE_SOURCE;
				MTL_FAST_MATH = YES;
				ONLY_ACTIVE_ARCH = YES;
				SDKROOT = iphoneos;
				SWIFT_ACTIVE_COMPILATION_CONDITIONS = DEBUG;
				SWIFT_OPTIMIZATION_LEVEL = "-Onone";
			};
			name = Debug;
		};
		32A89B9924DF130A0084B69D /* Release */ = {
			isa = XCBuildConfiguration;
			buildSettings = {
				ALWAYS_SEARCH_USER_PATHS = NO;
				CLANG_ANALYZER_NONNULL = YES;
				CLANG_ANALYZER_NUMBER_OBJECT_CONVERSION = YES_AGGRESSIVE;
				CLANG_CXX_LANGUAGE_STANDARD = "gnu++14";
				CLANG_CXX_LIBRARY = "libc++";
				CLANG_ENABLE_MODULES = YES;
				CLANG_ENABLE_OBJC_ARC = YES;
				CLANG_ENABLE_OBJC_WEAK = YES;
				CLANG_WARN_BLOCK_CAPTURE_AUTORELEASING = YES;
				CLANG_WARN_BOOL_CONVERSION = YES;
				CLANG_WARN_COMMA = YES;
				CLANG_WARN_CONSTANT_CONVERSION = YES;
				CLANG_WARN_DEPRECATED_OBJC_IMPLEMENTATIONS = YES;
				CLANG_WARN_DIRECT_OBJC_ISA_USAGE = YES_ERROR;
				CLANG_WARN_DOCUMENTATION_COMMENTS = YES;
				CLANG_WARN_EMPTY_BODY = YES;
				CLANG_WARN_ENUM_CONVERSION = YES;
				CLANG_WARN_INFINITE_RECURSION = YES;
				CLANG_WARN_INT_CONVERSION = YES;
				CLANG_WARN_NON_LITERAL_NULL_CONVERSION = YES;
				CLANG_WARN_OBJC_IMPLICIT_RETAIN_SELF = YES;
				CLANG_WARN_OBJC_LITERAL_CONVERSION = YES;
				CLANG_WARN_OBJC_ROOT_CLASS = YES_ERROR;
				CLANG_WARN_RANGE_LOOP_ANALYSIS = YES;
				CLANG_WARN_STRICT_PROTOTYPES = YES;
				CLANG_WARN_SUSPICIOUS_MOVE = YES;
				CLANG_WARN_UNGUARDED_AVAILABILITY = YES_AGGRESSIVE;
				CLANG_WARN_UNREACHABLE_CODE = YES;
				CLANG_WARN__DUPLICATE_METHOD_MATCH = YES;
				COPY_PHASE_STRIP = NO;
				DEBUG_INFORMATION_FORMAT = "dwarf-with-dsym";
				ENABLE_NS_ASSERTIONS = NO;
				ENABLE_STRICT_OBJC_MSGSEND = YES;
				GCC_C_LANGUAGE_STANDARD = gnu11;
				GCC_NO_COMMON_BLOCKS = YES;
				GCC_WARN_64_TO_32_BIT_CONVERSION = YES;
				GCC_WARN_ABOUT_RETURN_TYPE = YES_ERROR;
				GCC_WARN_UNDECLARED_SELECTOR = YES;
				GCC_WARN_UNINITIALIZED_AUTOS = YES_AGGRESSIVE;
				GCC_WARN_UNUSED_FUNCTION = YES;
				GCC_WARN_UNUSED_VARIABLE = YES;
				IPHONEOS_DEPLOYMENT_TARGET = 13.4;
				MTL_ENABLE_DEBUG_INFO = NO;
				MTL_FAST_MATH = YES;
				SDKROOT = iphoneos;
				SWIFT_COMPILATION_MODE = wholemodule;
				SWIFT_OPTIMIZATION_LEVEL = "-O";
				VALIDATE_PRODUCT = YES;
			};
			name = Release;
		};
		32A89B9B24DF130A0084B69D /* Debug */ = {
			isa = XCBuildConfiguration;
			buildSettings = {
				ASSETCATALOG_COMPILER_APPICON_NAME = AppIcon;
				CODE_SIGN_STYLE = Automatic;
				DEVELOPMENT_ASSET_PATHS = "\"Animations Demo/Preview Content\"";
				DEVELOPMENT_TEAM = 6NQBNW2Z7X;
				ENABLE_PREVIEWS = YES;
				INFOPLIST_FILE = "Animations Demo/Info.plist";
				LD_RUNPATH_SEARCH_PATHS = (
					"$(inherited)",
					"@executable_path/Frameworks",
				);
				PRODUCT_BUNDLE_IDENTIFIER = "io.github.sainikhit2k.Animations-Demo";
				PRODUCT_NAME = "$(TARGET_NAME)";
				SWIFT_VERSION = 5.0;
				TARGETED_DEVICE_FAMILY = "1,2";
			};
			name = Debug;
		};
		32A89B9C24DF130A0084B69D /* Release */ = {
			isa = XCBuildConfiguration;
			buildSettings = {
				ASSETCATALOG_COMPILER_APPICON_NAME = AppIcon;
				CODE_SIGN_STYLE = Automatic;
				DEVELOPMENT_ASSET_PATHS = "\"Animations Demo/Preview Content\"";
				DEVELOPMENT_TEAM = 6NQBNW2Z7X;
				ENABLE_PREVIEWS = YES;
				INFOPLIST_FILE = "Animations Demo/Info.plist";
				LD_RUNPATH_SEARCH_PATHS = (
					"$(inherited)",
					"@executable_path/Frameworks",
				);
				PRODUCT_BUNDLE_IDENTIFIER = "io.github.sainikhit2k.Animations-Demo";
				PRODUCT_NAME = "$(TARGET_NAME)";
				SWIFT_VERSION = 5.0;
				TARGETED_DEVICE_FAMILY = "1,2";
			};
			name = Release;
		};
/* End XCBuildConfiguration section */

/* Begin XCConfigurationList section */
		32A89B8124DF13060084B69D /* Build configuration list for PBXProject "Animations Demo" */ = {
			isa = XCConfigurationList;
			buildConfigurations = (
				32A89B9824DF130A0084B69D /* Debug */,
				32A89B9924DF130A0084B69D /* Release */,
			);
			defaultConfigurationIsVisible = 0;
			defaultConfigurationName = Release;
		};
		32A89B9A24DF130A0084B69D /* Build configuration list for PBXNativeTarget "Animations Demo" */ = {
			isa = XCConfigurationList;
			buildConfigurations = (
				32A89B9B24DF130A0084B69D /* Debug */,
				32A89B9C24DF130A0084B69D /* Release */,
			);
			defaultConfigurationIsVisible = 0;
			defaultConfigurationName = Release;
		};
/* End XCConfigurationList section */
	};
	rootObject = 32A89B7E24DF13060084B69D /* Project object */;
}
