// !$*UTF8*$!
{
	archiveVersion = 1;
	classes = {
	};
	objectVersion = 50;
	objects = {

/* Begin PBXBuildFile section */
		3202C2372502A27100A772B8 /* Card.swift in Sources */ = {isa = PBXBuildFile; fileRef = 3202C2362502A27100A772B8 /* Card.swift */; };
		3202C2392502A36500A772B8 /* CardView.swift in Sources */ = {isa = PBXBuildFile; fileRef = 3202C2382502A36500A772B8 /* CardView.swift */; };
		3286393C25011A1B0030A104 /* AppDelegate.swift in Sources */ = {isa = PBXBuildFile; fileRef = 3286393B25011A1B0030A104 /* AppDelegate.swift */; };
		3286393E25011A1B0030A104 /* SceneDelegate.swift in Sources */ = {isa = PBXBuildFile; fileRef = 3286393D25011A1B0030A104 /* SceneDelegate.swift */; };
		3286394025011A1B0030A104 /* ContentView.swift in Sources */ = {isa = PBXBuildFile; fileRef = 3286393F25011A1B0030A104 /* ContentView.swift */; };
		3286394225011A1D0030A104 /* Assets.xcassets in Resources */ = {isa = PBXBuildFile; fileRef = 3286394125011A1D0030A104 /* Assets.xcassets */; };
		3286394525011A1D0030A104 /* Preview Assets.xcassets in Resources */ = {isa = PBXBuildFile; fileRef = 3286394425011A1D0030A104 /* Preview Assets.xcassets */; };
		3286394825011A1D0030A104 /* LaunchScreen.storyboard in Resources */ = {isa = PBXBuildFile; fileRef = 3286394625011A1D0030A104 /* LaunchScreen.storyboard */; };
		3286395025011EA20030A104 /* DemoViews.swift in Sources */ = {isa = PBXBuildFile; fileRef = 3286394F25011EA20030A104 /* DemoViews.swift */; };
/* End PBXBuildFile section */

/* Begin PBXFileReference section */
		3202C2362502A27100A772B8 /* Card.swift */ = {isa = PBXFileReference; lastKnownFileType = sourcecode.swift; path = Card.swift; sourceTree = "<group>"; };
		3202C2382502A36500A772B8 /* CardView.swift */ = {isa = PBXFileReference; lastKnownFileType = sourcecode.swift; path = CardView.swift; sourceTree = "<group>"; };
		3286393825011A1B0030A104 /* FlashZilla.app */ = {isa = PBXFileReference; explicitFileType = wrapper.application; includeInIndex = 0; path = FlashZilla.app; sourceTree = BUILT_PRODUCTS_DIR; };
		3286393B25011A1B0030A104 /* AppDelegate.swift */ = {isa = PBXFileReference; lastKnownFileType = sourcecode.swift; path = AppDelegate.swift; sourceTree = "<group>"; };
		3286393D25011A1B0030A104 /* SceneDelegate.swift */ = {isa = PBXFileReference; lastKnownFileType = sourcecode.swift; path = SceneDelegate.swift; sourceTree = "<group>"; };
		3286393F25011A1B0030A104 /* ContentView.swift */ = {isa = PBXFileReference; lastKnownFileType = sourcecode.swift; path = ContentView.swift; sourceTree = "<group>"; };
		3286394125011A1D0030A104 /* Assets.xcassets */ = {isa = PBXFileReference; lastKnownFileType = folder.assetcatalog; path = Assets.xcassets; sourceTree = "<group>"; };
		3286394425011A1D0030A104 /* Preview Assets.xcassets */ = {isa = PBXFileReference; lastKnownFileType = folder.assetcatalog; path = "Preview Assets.xcassets"; sourceTree = "<group>"; };
		3286394725011A1D0030A104 /* Base */ = {isa = PBXFileReference; lastKnownFileType = file.storyboard; name = Base; path = Base.lproj/LaunchScreen.storyboard; sourceTree = "<group>"; };
		3286394925011A1D0030A104 /* Info.plist */ = {isa = PBXFileReference; lastKnownFileType = text.plist.xml; path = Info.plist; sourceTree = "<group>"; };
		3286394F25011EA20030A104 /* DemoViews.swift */ = {isa = PBXFileReference; lastKnownFileType = sourcecode.swift; path = DemoViews.swift; sourceTree = "<group>"; };
/* End PBXFileReference section */

/* Begin PBXFrameworksBuildPhase section */
		3286393525011A1B0030A104 /* Frameworks */ = {
			isa = PBXFrameworksBuildPhase;
			buildActionMask = 2147483647;
			files = (
			);
			runOnlyForDeploymentPostprocessing = 0;
		};
/* End PBXFrameworksBuildPhase section */

/* Begin PBXGroup section */
		3286392F25011A1B0030A104 = {
			isa = PBXGroup;
			children = (
				3286393A25011A1B0030A104 /* FlashZilla */,
				3286393925011A1B0030A104 /* Products */,
			);
			sourceTree = "<group>";
		};
		3286393925011A1B0030A104 /* Products */ = {
			isa = PBXGroup;
			children = (
				3286393825011A1B0030A104 /* FlashZilla.app */,
			);
			name = Products;
			sourceTree = "<group>";
		};
		3286393A25011A1B0030A104 /* FlashZilla */ = {
			isa = PBXGroup;
			children = (
				3286393B25011A1B0030A104 /* AppDelegate.swift */,
				3286393D25011A1B0030A104 /* SceneDelegate.swift */,
				3286393F25011A1B0030A104 /* ContentView.swift */,
				3202C2382502A36500A772B8 /* CardView.swift */,
				3202C2362502A27100A772B8 /* Card.swift */,
				3286394F25011EA20030A104 /* DemoViews.swift */,
				3286394125011A1D0030A104 /* Assets.xcassets */,
				3286394625011A1D0030A104 /* LaunchScreen.storyboard */,
				3286394925011A1D0030A104 /* Info.plist */,
				3286394325011A1D0030A104 /* Preview Content */,
			);
			path = FlashZilla;
			sourceTree = "<group>";
		};
		3286394325011A1D0030A104 /* Preview Content */ = {
			isa = PBXGroup;
			children = (
				3286394425011A1D0030A104 /* Preview Assets.xcassets */,
			);
			path = "Preview Content";
			sourceTree = "<group>";
		};
/* End PBXGroup section */

/* Begin PBXNativeTarget section */
		3286393725011A1B0030A104 /* FlashZilla */ = {
			isa = PBXNativeTarget;
			buildConfigurationList = 3286394C25011A1D0030A104 /* Build configuration list for PBXNativeTarget "FlashZilla" */;
			buildPhases = (
				3286393425011A1B0030A104 /* Sources */,
				3286393525011A1B0030A104 /* Frameworks */,
				3286393625011A1B0030A104 /* Resources */,
			);
			buildRules = (
			);
			dependencies = (
			);
			name = FlashZilla;
			productName = FlashZilla;
			productReference = 3286393825011A1B0030A104 /* FlashZilla.app */;
			productType = "com.apple.product-type.application";
		};
/* End PBXNativeTarget section */

/* Begin PBXProject section */
		3286393025011A1B0030A104 /* Project object */ = {
			isa = PBXProject;
			attributes = {
				LastSwiftUpdateCheck = 1160;
				LastUpgradeCheck = 1160;
				ORGANIZATIONNAME = nikhit;
				TargetAttributes = {
					3286393725011A1B0030A104 = {
						CreatedOnToolsVersion = 11.6;
					};
				};
			};
			buildConfigurationList = 3286393325011A1B0030A104 /* Build configuration list for PBXProject "FlashZilla" */;
			compatibilityVersion = "Xcode 9.3";
			developmentRegion = en;
			hasScannedForEncodings = 0;
			knownRegions = (
				en,
				Base,
			);
			mainGroup = 3286392F25011A1B0030A104;
			productRefGroup = 3286393925011A1B0030A104 /* Products */;
			projectDirPath = "";
			projectRoot = "";
			targets = (
				3286393725011A1B0030A104 /* FlashZilla */,
			);
		};
/* End PBXProject section */

/* Begin PBXResourcesBuildPhase section */
		3286393625011A1B0030A104 /* Resources */ = {
			isa = PBXResourcesBuildPhase;
			buildActionMask = 2147483647;
			files = (
				3286394825011A1D0030A104 /* LaunchScreen.storyboard in Resources */,
				3286394525011A1D0030A104 /* Preview Assets.xcassets in Resources */,
				3286394225011A1D0030A104 /* Assets.xcassets in Resources */,
			);
			runOnlyForDeploymentPostprocessing = 0;
		};
/* End PBXResourcesBuildPhase section */

/* Begin PBXSourcesBuildPhase section */
		3286393425011A1B0030A104 /* Sources */ = {
			isa = PBXSourcesBuildPhase;
			buildActionMask = 2147483647;
			files = (
				3286393C25011A1B0030A104 /* AppDelegate.swift in Sources */,
				3286395025011EA20030A104 /* DemoViews.swift in Sources */,
				3202C2372502A27100A772B8 /* Card.swift in Sources */,
				3286393E25011A1B0030A104 /* SceneDelegate.swift in Sources */,
				3202C2392502A36500A772B8 /* CardView.swift in Sources */,
				3286394025011A1B0030A104 /* ContentView.swift in Sources */,
			);
			runOnlyForDeploymentPostprocessing = 0;
		};
/* End PBXSourcesBuildPhase section */

/* Begin PBXVariantGroup section */
		3286394625011A1D0030A104 /* LaunchScreen.storyboard */ = {
			isa = PBXVariantGroup;
			children = (
				3286394725011A1D0030A104 /* Base */,
			);
			name = LaunchScreen.storyboard;
			sourceTree = "<group>";
		};
/* End PBXVariantGroup section */

/* Begin XCBuildConfiguration section */
		3286394A25011A1D0030A104 /* Debug */ = {
			isa = XCBuildConfiguration;
			buildSettings = {
				ALWAYS_SEARCH_USER_PATHS = NO;
				CLANG_ANALYZER_NONNULL = YES;
				CLANG_ANALYZER_NUMBER_OBJECT_CONVERSION = YES_AGGRESSIVE;
				CLANG_CXX_LANGUAGE_STANDARD = "gnu++14";
				CLANG_CXX_LIBRARY = "libc++";
				CLANG_ENABLE_MODULES = YES;
				CLANG_ENABLE_OBJC_ARC = YES;
				CLANG_ENABLE_OBJC_WEAK = YES;
				CLANG_WARN_BLOCK_CAPTURE_AUTORELEASING = YES;
				CLANG_WARN_BOOL_CONVERSION = YES;
				CLANG_WARN_COMMA = YES;
				CLANG_WARN_CONSTANT_CONVERSION = YES;
				CLANG_WARN_DEPRECATED_OBJC_IMPLEMENTATIONS = YES;
				CLANG_WARN_DIRECT_OBJC_ISA_USAGE = YES_ERROR;
				CLANG_WARN_DOCUMENTATION_COMMENTS = YES;
				CLANG_WARN_EMPTY_BODY = YES;
				CLANG_WARN_ENUM_CONVERSION = YES;
				CLANG_WARN_INFINITE_RECURSION = YES;
				CLANG_WARN_INT_CONVERSION = YES;
				CLANG_WARN_NON_LITERAL_NULL_CONVERSION = YES;
				CLANG_WARN_OBJC_IMPLICIT_RETAIN_SELF = YES;
				CLANG_WARN_OBJC_LITERAL_CONVERSION = YES;
				CLANG_WARN_OBJC_ROOT_CLASS = YES_ERROR;
				CLANG_WARN_RANGE_LOOP_ANALYSIS = YES;
				CLANG_WARN_STRICT_PROTOTYPES = YES;
				CLANG_WARN_SUSPICIOUS_MOVE = YES;
				CLANG_WARN_UNGUARDED_AVAILABILITY = YES_AGGRESSIVE;
				CLANG_WARN_UNREACHABLE_CODE = YES;
				CLANG_WARN__DUPLICATE_METHOD_MATCH = YES;
				COPY_PHASE_STRIP = NO;
				DEBUG_INFORMATION_FORMAT = dwarf;
				ENABLE_STRICT_OBJC_MSGSEND = YES;
				ENABLE_TESTABILITY = YES;
				GCC_C_LANGUAGE_STANDARD = gnu11;
				GCC_DYNAMIC_NO_PIC = NO;
				GCC_NO_COMMON_BLOCKS = YES;
				GCC_OPTIMIZATION_LEVEL = 0;
				GCC_PREPROCESSOR_DEFINITIONS = (
					"DEBUG=1",
					"$(inherited)",
				);
				GCC_WARN_64_TO_32_BIT_CONVERSION = YES;
				GCC_WARN_ABOUT_RETURN_TYPE = YES_ERROR;
				GCC_WARN_UNDECLARED_SELECTOR = YES;
				GCC_WARN_UNINITIALIZED_AUTOS = YES_AGGRESSIVE;
				GCC_WARN_UNUSED_FUNCTION = YES;
				GCC_WARN_UNUSED_VARIABLE = YES;
				IPHONEOS_DEPLOYMENT_TARGET = 13.6;
				MTL_ENABLE_DEBUG_INFO = INCLUDE_SOURCE;
				MTL_FAST_MATH = YES;
				ONLY_ACTIVE_ARCH = YES;
				SDKROOT = iphoneos;
				SWIFT_ACTIVE_COMPILATION_CONDITIONS = DEBUG;
				SWIFT_OPTIMIZATION_LEVEL = "-Onone";
			};
			name = Debug;
		};
		3286394B25011A1D0030A104 /* Release */ = {
			isa = XCBuildConfiguration;
			buildSettings = {
				ALWAYS_SEARCH_USER_PATHS = NO;
				CLANG_ANALYZER_NONNULL = YES;
				CLANG_ANALYZER_NUMBER_OBJECT_CONVERSION = YES_AGGRESSIVE;
				CLANG_CXX_LANGUAGE_STANDARD = "gnu++14";
				CLANG_CXX_LIBRARY = "libc++";
				CLANG_ENABLE_MODULES = YES;
				CLANG_ENABLE_OBJC_ARC = YES;
				CLANG_ENABLE_OBJC_WEAK = YES;
				CLANG_WARN_BLOCK_CAPTURE_AUTORELEASING = YES;
				CLANG_WARN_BOOL_CONVERSION = YES;
				CLANG_WARN_COMMA = YES;
				CLANG_WARN_CONSTANT_CONVERSION = YES;
				CLANG_WARN_DEPRECATED_OBJC_IMPLEMENTATIONS = YES;
				CLANG_WARN_DIRECT_OBJC_ISA_USAGE = YES_ERROR;
				CLANG_WARN_DOCUMENTATION_COMMENTS = YES;
				CLANG_WARN_EMPTY_BODY = YES;
				CLANG_WARN_ENUM_CONVERSION = YES;
				CLANG_WARN_INFINITE_RECURSION = YES;
				CLANG_WARN_INT_CONVERSION = YES;
				CLANG_WARN_NON_LITERAL_NULL_CONVERSION = YES;
				CLANG_WARN_OBJC_IMPLICIT_RETAIN_SELF = YES;
				CLANG_WARN_OBJC_LITERAL_CONVERSION = YES;
				CLANG_WARN_OBJC_ROOT_CLASS = YES_ERROR;
				CLANG_WARN_RANGE_LOOP_ANALYSIS = YES;
				CLANG_WARN_STRICT_PROTOTYPES = YES;
				CLANG_WARN_SUSPICIOUS_MOVE = YES;
				CLANG_WARN_UNGUARDED_AVAILABILITY = YES_AGGRESSIVE;
				CLANG_WARN_UNREACHABLE_CODE = YES;
				CLANG_WARN__DUPLICATE_METHOD_MATCH = YES;
				COPY_PHASE_STRIP = NO;
				DEBUG_INFORMATION_FORMAT = "dwarf-with-dsym";
				ENABLE_NS_ASSERTIONS = NO;
				ENABLE_STRICT_OBJC_MSGSEND = YES;
				GCC_C_LANGUAGE_STANDARD = gnu11;
				GCC_NO_COMMON_BLOCKS = YES;
				GCC_WARN_64_TO_32_BIT_CONVERSION = YES;
				GCC_WARN_ABOUT_RETURN_TYPE = YES_ERROR;
				GCC_WARN_UNDECLARED_SELECTOR = YES;
				GCC_WARN_UNINITIALIZED_AUTOS = YES_AGGRESSIVE;
				GCC_WARN_UNUSED_FUNCTION = YES;
				GCC_WARN_UNUSED_VARIABLE = YES;
				IPHONEOS_DEPLOYMENT_TARGET = 13.6;
				MTL_ENABLE_DEBUG_INFO = NO;
				MTL_FAST_MATH = YES;
				SDKROOT = iphoneos;
				SWIFT_COMPILATION_MODE = wholemodule;
				SWIFT_OPTIMIZATION_LEVEL = "-O";
				VALIDATE_PRODUCT = YES;
			};
			name = Release;
		};
		3286394D25011A1D0030A104 /* Debug */ = {
			isa = XCBuildConfiguration;
			buildSettings = {
				ASSETCATALOG_COMPILER_APPICON_NAME = AppIcon;
				CODE_SIGN_STYLE = Automatic;
				DEVELOPMENT_ASSET_PATHS = "\"FlashZilla/Preview Content\"";
				DEVELOPMENT_TEAM = 6NQBNW2Z7X;
				ENABLE_PREVIEWS = YES;
				INFOPLIST_FILE = FlashZilla/Info.plist;
				LD_RUNPATH_SEARCH_PATHS = (
					"$(inherited)",
					"@executable_path/Frameworks",
				);
				PRODUCT_BUNDLE_IDENTIFIER = io.github.sainikhit2k.FlashZilla;
				PRODUCT_NAME = "$(TARGET_NAME)";
				SWIFT_VERSION = 5.0;
				TARGETED_DEVICE_FAMILY = "1,2";
			};
			name = Debug;
		};
		3286394E25011A1D0030A104 /* Release */ = {
			isa = XCBuildConfiguration;
			buildSettings = {
				ASSETCATALOG_COMPILER_APPICON_NAME = AppIcon;
				CODE_SIGN_STYLE = Automatic;
				DEVELOPMENT_ASSET_PATHS = "\"FlashZilla/Preview Content\"";
				DEVELOPMENT_TEAM = 6NQBNW2Z7X;
				ENABLE_PREVIEWS = YES;
				INFOPLIST_FILE = FlashZilla/Info.plist;
				LD_RUNPATH_SEARCH_PATHS = (
					"$(inherited)",
					"@executable_path/Frameworks",
				);
				PRODUCT_BUNDLE_IDENTIFIER = io.github.sainikhit2k.FlashZilla;
				PRODUCT_NAME = "$(TARGET_NAME)";
				SWIFT_VERSION = 5.0;
				TARGETED_DEVICE_FAMILY = "1,2";
			};
			name = Release;
		};
/* End XCBuildConfiguration section */

/* Begin XCConfigurationList section */
		3286393325011A1B0030A104 /* Build configuration list for PBXProject "FlashZilla" */ = {
			isa = XCConfigurationList;
			buildConfigurations = (
				3286394A25011A1D0030A104 /* Debug */,
				3286394B25011A1D0030A104 /* Release */,
			);
			defaultConfigurationIsVisible = 0;
			defaultConfigurationName = Release;
		};
		3286394C25011A1D0030A104 /* Build configuration list for PBXNativeTarget "FlashZilla" */ = {
			isa = XCConfigurationList;
			buildConfigurations = (
				3286394D25011A1D0030A104 /* Debug */,
				3286394E25011A1D0030A104 /* Release */,
			);
			defaultConfigurationIsVisible = 0;
			defaultConfigurationName = Release;
		};
/* End XCConfigurationList section */
	};
	rootObject = 3286393025011A1B0030A104 /* Project object */;
}
