// !$*UTF8*$!
{
	archiveVersion = 1;
	classes = {
	};
	objectVersion = 50;
	objects = {

/* Begin PBXBuildFile section */
		326776BA24FCD2EB00DC440A /* AppDelegate.swift in Sources */ = {isa = PBXBuildFile; fileRef = 326776B924FCD2EB00DC440A /* AppDelegate.swift */; };
		326776BC24FCD2EB00DC440A /* SceneDelegate.swift in Sources */ = {isa = PBXBuildFile; fileRef = 326776BB24FCD2EB00DC440A /* SceneDelegate.swift */; };
		326776BE24FCD2EB00DC440A /* ContentView.swift in Sources */ = {isa = PBXBuildFile; fileRef = 326776BD24FCD2EB00DC440A /* ContentView.swift */; };
		326776C024FCD2F100DC440A /* Assets.xcassets in Resources */ = {isa = PBXBuildFile; fileRef = 326776BF24FCD2F100DC440A /* Assets.xcassets */; };
		326776C324FCD2F100DC440A /* Preview Assets.xcassets in Resources */ = {isa = PBXBuildFile; fileRef = 326776C224FCD2F100DC440A /* Preview Assets.xcassets */; };
		326776C624FCD2F100DC440A /* LaunchScreen.storyboard in Resources */ = {isa = PBXBuildFile; fileRef = 326776C424FCD2F100DC440A /* LaunchScreen.storyboard */; };
		326776CE24FCD37500DC440A /* MapView.swift in Sources */ = {isa = PBXBuildFile; fileRef = 326776CD24FCD37500DC440A /* MapView.swift */; };
		326776D024FCFFD200DC440A /* MKPointAnnotation-ObservableObject.swift in Sources */ = {isa = PBXBuildFile; fileRef = 326776CF24FCFFD200DC440A /* MKPointAnnotation-ObservableObject.swift */; };
		326776D224FD005900DC440A /* EditView.swift in Sources */ = {isa = PBXBuildFile; fileRef = 326776D124FD005900DC440A /* EditView.swift */; };
		326776D424FD02ED00DC440A /* Result.swift in Sources */ = {isa = PBXBuildFile; fileRef = 326776D324FD02ED00DC440A /* Result.swift */; };
		326776D624FD079C00DC440A /* MKPointAnnotaion-Codable.swift in Sources */ = {isa = PBXBuildFile; fileRef = 326776D524FD079C00DC440A /* MKPointAnnotaion-Codable.swift */; };
/* End PBXBuildFile section */

/* Begin PBXFileReference section */
		326776B624FCD2EB00DC440A /* BucketList.app */ = {isa = PBXFileReference; explicitFileType = wrapper.application; includeInIndex = 0; path = BucketList.app; sourceTree = BUILT_PRODUCTS_DIR; };
		326776B924FCD2EB00DC440A /* AppDelegate.swift */ = {isa = PBXFileReference; lastKnownFileType = sourcecode.swift; path = AppDelegate.swift; sourceTree = "<group>"; };
		326776BB24FCD2EB00DC440A /* SceneDelegate.swift */ = {isa = PBXFileReference; lastKnownFileType = sourcecode.swift; path = SceneDelegate.swift; sourceTree = "<group>"; };
		326776BD24FCD2EB00DC440A /* ContentView.swift */ = {isa = PBXFileReference; lastKnownFileType = sourcecode.swift; path = ContentView.swift; sourceTree = "<group>"; };
		326776BF24FCD2F100DC440A /* Assets.xcassets */ = {isa = PBXFileReference; lastKnownFileType = folder.assetcatalog; path = Assets.xcassets; sourceTree = "<group>"; };
		326776C224FCD2F100DC440A /* Preview Assets.xcassets */ = {isa = PBXFileReference; lastKnownFileType = folder.assetcatalog; path = "Preview Assets.xcassets"; sourceTree = "<group>"; };
		326776C524FCD2F100DC440A /* Base */ = {isa = PBXFileReference; lastKnownFileType = file.storyboard; name = Base; path = Base.lproj/LaunchScreen.storyboard; sourceTree = "<group>"; };
		326776C724FCD2F100DC440A /* Info.plist */ = {isa = PBXFileReference; lastKnownFileType = text.plist.xml; path = Info.plist; sourceTree = "<group>"; };
		326776CD24FCD37500DC440A /* MapView.swift */ = {isa = PBXFileReference; lastKnownFileType = sourcecode.swift; path = MapView.swift; sourceTree = "<group>"; };
		326776CF24FCFFD200DC440A /* MKPointAnnotation-ObservableObject.swift */ = {isa = PBXFileReference; lastKnownFileType = sourcecode.swift; path = "MKPointAnnotation-ObservableObject.swift"; sourceTree = "<group>"; };
		326776D124FD005900DC440A /* EditView.swift */ = {isa = PBXFileReference; lastKnownFileType = sourcecode.swift; path = EditView.swift; sourceTree = "<group>"; };
		326776D324FD02ED00DC440A /* Result.swift */ = {isa = PBXFileReference; lastKnownFileType = sourcecode.swift; path = Result.swift; sourceTree = "<group>"; };
		326776D524FD079C00DC440A /* MKPointAnnotaion-Codable.swift */ = {isa = PBXFileReference; lastKnownFileType = sourcecode.swift; path = "MKPointAnnotaion-Codable.swift"; sourceTree = "<group>"; };
/* End PBXFileReference section */

/* Begin PBXFrameworksBuildPhase section */
		326776B324FCD2EB00DC440A /* Frameworks */ = {
			isa = PBXFrameworksBuildPhase;
			buildActionMask = 2147483647;
			files = (
			);
			runOnlyForDeploymentPostprocessing = 0;
		};
/* End PBXFrameworksBuildPhase section */

/* Begin PBXGroup section */
		326776AD24FCD2EB00DC440A = {
			isa = PBXGroup;
			children = (
				326776B824FCD2EB00DC440A /* BucketList */,
				326776B724FCD2EB00DC440A /* Products */,
			);
			sourceTree = "<group>";
		};
		326776B724FCD2EB00DC440A /* Products */ = {
			isa = PBXGroup;
			children = (
				326776B624FCD2EB00DC440A /* BucketList.app */,
			);
			name = Products;
			sourceTree = "<group>";
		};
		326776B824FCD2EB00DC440A /* BucketList */ = {
			isa = PBXGroup;
			children = (
				326776B924FCD2EB00DC440A /* AppDelegate.swift */,
				326776BB24FCD2EB00DC440A /* SceneDelegate.swift */,
				326776BD24FCD2EB00DC440A /* ContentView.swift */,
				326776D524FD079C00DC440A /* MKPointAnnotaion-Codable.swift */,
				326776D124FD005900DC440A /* EditView.swift */,
				326776D324FD02ED00DC440A /* Result.swift */,
				326776CD24FCD37500DC440A /* MapView.swift */,
				326776CF24FCFFD200DC440A /* MKPointAnnotation-ObservableObject.swift */,
				326776BF24FCD2F100DC440A /* Assets.xcassets */,
				326776C424FCD2F100DC440A /* LaunchScreen.storyboard */,
				326776C724FCD2F100DC440A /* Info.plist */,
				326776C124FCD2F100DC440A /* Preview Content */,
			);
			path = BucketList;
			sourceTree = "<group>";
		};
		326776C124FCD2F100DC440A /* Preview Content */ = {
			isa = PBXGroup;
			children = (
				326776C224FCD2F100DC440A /* Preview Assets.xcassets */,
			);
			path = "Preview Content";
			sourceTree = "<group>";
		};
/* End PBXGroup section */

/* Begin PBXNativeTarget section */
		326776B524FCD2EB00DC440A /* BucketList */ = {
			isa = PBXNativeTarget;
			buildConfigurationList = 326776CA24FCD2F100DC440A /* Build configuration list for PBXNativeTarget "BucketList" */;
			buildPhases = (
				326776B224FCD2EB00DC440A /* Sources */,
				326776B324FCD2EB00DC440A /* Frameworks */,
				326776B424FCD2EB00DC440A /* Resources */,
			);
			buildRules = (
			);
			dependencies = (
			);
			name = BucketList;
			productName = BucketList;
			productReference = 326776B624FCD2EB00DC440A /* BucketList.app */;
			productType = "com.apple.product-type.application";
		};
/* End PBXNativeTarget section */

/* Begin PBXProject section */
		326776AE24FCD2EB00DC440A /* Project object */ = {
			isa = PBXProject;
			attributes = {
				LastSwiftUpdateCheck = 1160;
				LastUpgradeCheck = 1160;
				ORGANIZATIONNAME = nikhit;
				TargetAttributes = {
					326776B524FCD2EB00DC440A = {
						CreatedOnToolsVersion = 11.6;
					};
				};
			};
			buildConfigurationList = 326776B124FCD2EB00DC440A /* Build configuration list for PBXProject "BucketList" */;
			compatibilityVersion = "Xcode 9.3";
			developmentRegion = en;
			hasScannedForEncodings = 0;
			knownRegions = (
				en,
				Base,
			);
			mainGroup = 326776AD24FCD2EB00DC440A;
			productRefGroup = 326776B724FCD2EB00DC440A /* Products */;
			projectDirPath = "";
			projectRoot = "";
			targets = (
				326776B524FCD2EB00DC440A /* BucketList */,
			);
		};
/* End PBXProject section */

/* Begin PBXResourcesBuildPhase section */
		326776B424FCD2EB00DC440A /* Resources */ = {
			isa = PBXResourcesBuildPhase;
			buildActionMask = 2147483647;
			files = (
				326776C624FCD2F100DC440A /* LaunchScreen.storyboard in Resources */,
				326776C324FCD2F100DC440A /* Preview Assets.xcassets in Resources */,
				326776C024FCD2F100DC440A /* Assets.xcassets in Resources */,
			);
			runOnlyForDeploymentPostprocessing = 0;
		};
/* End PBXResourcesBuildPhase section */

/* Begin PBXSourcesBuildPhase section */
		326776B224FCD2EB00DC440A /* Sources */ = {
			isa = PBXSourcesBuildPhase;
			buildActionMask = 2147483647;
			files = (
				326776BA24FCD2EB00DC440A /* AppDelegate.swift in Sources */,
				326776D624FD079C00DC440A /* MKPointAnnotaion-Codable.swift in Sources */,
				326776CE24FCD37500DC440A /* MapView.swift in Sources */,
				326776D224FD005900DC440A /* EditView.swift in Sources */,
				326776BC24FCD2EB00DC440A /* SceneDelegate.swift in Sources */,
				326776D424FD02ED00DC440A /* Result.swift in Sources */,
				326776D024FCFFD200DC440A /* MKPointAnnotation-ObservableObject.swift in Sources */,
				326776BE24FCD2EB00DC440A /* ContentView.swift in Sources */,
			);
			runOnlyForDeploymentPostprocessing = 0;
		};
/* End PBXSourcesBuildPhase section */

/* Begin PBXVariantGroup section */
		326776C424FCD2F100DC440A /* LaunchScreen.storyboard */ = {
			isa = PBXVariantGroup;
			children = (
				326776C524FCD2F100DC440A /* Base */,
			);
			name = LaunchScreen.storyboard;
			sourceTree = "<group>";
		};
/* End PBXVariantGroup section */

/* Begin XCBuildConfiguration section */
		326776C824FCD2F100DC440A /* Debug */ = {
			isa = XCBuildConfiguration;
			buildSettings = {
				ALWAYS_SEARCH_USER_PATHS = NO;
				CLANG_ANALYZER_NONNULL = YES;
				CLANG_ANALYZER_NUMBER_OBJECT_CONVERSION = YES_AGGRESSIVE;
				CLANG_CXX_LANGUAGE_STANDARD = "gnu++14";
				CLANG_CXX_LIBRARY = "libc++";
				CLANG_ENABLE_MODULES = YES;
				CLANG_ENABLE_OBJC_ARC = YES;
				CLANG_ENABLE_OBJC_WEAK = YES;
				CLANG_WARN_BLOCK_CAPTURE_AUTORELEASING = YES;
				CLANG_WARN_BOOL_CONVERSION = YES;
				CLANG_WARN_COMMA = YES;
				CLANG_WARN_CONSTANT_CONVERSION = YES;
				CLANG_WARN_DEPRECATED_OBJC_IMPLEMENTATIONS = YES;
				CLANG_WARN_DIRECT_OBJC_ISA_USAGE = YES_ERROR;
				CLANG_WARN_DOCUMENTATION_COMMENTS = YES;
				CLANG_WARN_EMPTY_BODY = YES;
				CLANG_WARN_ENUM_CONVERSION = YES;
				CLANG_WARN_INFINITE_RECURSION = YES;
				CLANG_WARN_INT_CONVERSION = YES;
				CLANG_WARN_NON_LITERAL_NULL_CONVERSION = YES;
				CLANG_WARN_OBJC_IMPLICIT_RETAIN_SELF = YES;
				CLANG_WARN_OBJC_LITERAL_CONVERSION = YES;
				CLANG_WARN_OBJC_ROOT_CLASS = YES_ERROR;
				CLANG_WARN_RANGE_LOOP_ANALYSIS = YES;
				CLANG_WARN_STRICT_PROTOTYPES = YES;
				CLANG_WARN_SUSPICIOUS_MOVE = YES;
				CLANG_WARN_UNGUARDED_AVAILABILITY = YES_AGGRESSIVE;
				CLANG_WARN_UNREACHABLE_CODE = YES;
				CLANG_WARN__DUPLICATE_METHOD_MATCH = YES;
				COPY_PHASE_STRIP = NO;
				DEBUG_INFORMATION_FORMAT = dwarf;
				ENABLE_STRICT_OBJC_MSGSEND = YES;
				ENABLE_TESTABILITY = YES;
				GCC_C_LANGUAGE_STANDARD = gnu11;
				GCC_DYNAMIC_NO_PIC = NO;
				GCC_NO_COMMON_BLOCKS = YES;
				GCC_OPTIMIZATION_LEVEL = 0;
				GCC_PREPROCESSOR_DEFINITIONS = (
					"DEBUG=1",
					"$(inherited)",
				);
				GCC_WARN_64_TO_32_BIT_CONVERSION = YES;
				GCC_WARN_ABOUT_RETURN_TYPE = YES_ERROR;
				GCC_WARN_UNDECLARED_SELECTOR = YES;
				GCC_WARN_UNINITIALIZED_AUTOS = YES_AGGRESSIVE;
				GCC_WARN_UNUSED_FUNCTION = YES;
				GCC_WARN_UNUSED_VARIABLE = YES;
				IPHONEOS_DEPLOYMENT_TARGET = 13.6;
				MTL_ENABLE_DEBUG_INFO = INCLUDE_SOURCE;
				MTL_FAST_MATH = YES;
				ONLY_ACTIVE_ARCH = YES;
				SDKROOT = iphoneos;
				SWIFT_ACTIVE_COMPILATION_CONDITIONS = DEBUG;
				SWIFT_OPTIMIZATION_LEVEL = "-Onone";
			};
			name = Debug;
		};
		326776C924FCD2F100DC440A /* Release */ = {
			isa = XCBuildConfiguration;
			buildSettings = {
				ALWAYS_SEARCH_USER_PATHS = NO;
				CLANG_ANALYZER_NONNULL = YES;
				CLANG_ANALYZER_NUMBER_OBJECT_CONVERSION = YES_AGGRESSIVE;
				CLANG_CXX_LANGUAGE_STANDARD = "gnu++14";
				CLANG_CXX_LIBRARY = "libc++";
				CLANG_ENABLE_MODULES = YES;
				CLANG_ENABLE_OBJC_ARC = YES;
				CLANG_ENABLE_OBJC_WEAK = YES;
				CLANG_WARN_BLOCK_CAPTURE_AUTORELEASING = YES;
				CLANG_WARN_BOOL_CONVERSION = YES;
				CLANG_WARN_COMMA = YES;
				CLANG_WARN_CONSTANT_CONVERSION = YES;
				CLANG_WARN_DEPRECATED_OBJC_IMPLEMENTATIONS = YES;
				CLANG_WARN_DIRECT_OBJC_ISA_USAGE = YES_ERROR;
				CLANG_WARN_DOCUMENTATION_COMMENTS = YES;
				CLANG_WARN_EMPTY_BODY = YES;
				CLANG_WARN_ENUM_CONVERSION = YES;
				CLANG_WARN_INFINITE_RECURSION = YES;
				CLANG_WARN_INT_CONVERSION = YES;
				CLANG_WARN_NON_LITERAL_NULL_CONVERSION = YES;
				CLANG_WARN_OBJC_IMPLICIT_RETAIN_SELF = YES;
				CLANG_WARN_OBJC_LITERAL_CONVERSION = YES;
				CLANG_WARN_OBJC_ROOT_CLASS = YES_ERROR;
				CLANG_WARN_RANGE_LOOP_ANALYSIS = YES;
				CLANG_WARN_STRICT_PROTOTYPES = YES;
				CLANG_WARN_SUSPICIOUS_MOVE = YES;
				CLANG_WARN_UNGUARDED_AVAILABILITY = YES_AGGRESSIVE;
				CLANG_WARN_UNREACHABLE_CODE = YES;
				CLANG_WARN__DUPLICATE_METHOD_MATCH = YES;
				COPY_PHASE_STRIP = NO;
				DEBUG_INFORMATION_FORMAT = "dwarf-with-dsym";
				ENABLE_NS_ASSERTIONS = NO;
				ENABLE_STRICT_OBJC_MSGSEND = YES;
				GCC_C_LANGUAGE_STANDARD = gnu11;
				GCC_NO_COMMON_BLOCKS = YES;
				GCC_WARN_64_TO_32_BIT_CONVERSION = YES;
				GCC_WARN_ABOUT_RETURN_TYPE = YES_ERROR;
				GCC_WARN_UNDECLARED_SELECTOR = YES;
				GCC_WARN_UNINITIALIZED_AUTOS = YES_AGGRESSIVE;
				GCC_WARN_UNUSED_FUNCTION = YES;
				GCC_WARN_UNUSED_VARIABLE = YES;
				IPHONEOS_DEPLOYMENT_TARGET = 13.6;
				MTL_ENABLE_DEBUG_INFO = NO;
				MTL_FAST_MATH = YES;
				SDKROOT = iphoneos;
				SWIFT_COMPILATION_MODE = wholemodule;
				SWIFT_OPTIMIZATION_LEVEL = "-O";
				VALIDATE_PRODUCT = YES;
			};
			name = Release;
		};
		326776CB24FCD2F100DC440A /* Debug */ = {
			isa = XCBuildConfiguration;
			buildSettings = {
				ASSETCATALOG_COMPILER_APPICON_NAME = AppIcon;
				CODE_SIGN_STYLE = Automatic;
				DEVELOPMENT_ASSET_PATHS = "\"BucketList/Preview Content\"";
				DEVELOPMENT_TEAM = 6NQBNW2Z7X;
				ENABLE_PREVIEWS = YES;
				INFOPLIST_FILE = BucketList/Info.plist;
				LD_RUNPATH_SEARCH_PATHS = (
					"$(inherited)",
					"@executable_path/Frameworks",
				);
				PRODUCT_BUNDLE_IDENTIFIER = io.github.sainikhit2k.BucketList;
				PRODUCT_NAME = "$(TARGET_NAME)";
				SWIFT_VERSION = 5.0;
				TARGETED_DEVICE_FAMILY = "1,2";
			};
			name = Debug;
		};
		326776CC24FCD2F100DC440A /* Release */ = {
			isa = XCBuildConfiguration;
			buildSettings = {
				ASSETCATALOG_COMPILER_APPICON_NAME = AppIcon;
				CODE_SIGN_STYLE = Automatic;
				DEVELOPMENT_ASSET_PATHS = "\"BucketList/Preview Content\"";
				DEVELOPMENT_TEAM = 6NQBNW2Z7X;
				ENABLE_PREVIEWS = YES;
				INFOPLIST_FILE = BucketList/Info.plist;
				LD_RUNPATH_SEARCH_PATHS = (
					"$(inherited)",
					"@executable_path/Frameworks",
				);
				PRODUCT_BUNDLE_IDENTIFIER = io.github.sainikhit2k.BucketList;
				PRODUCT_NAME = "$(TARGET_NAME)";
				SWIFT_VERSION = 5.0;
				TARGETED_DEVICE_FAMILY = "1,2";
			};
			name = Release;
		};
/* End XCBuildConfiguration section */

/* Begin XCConfigurationList section */
		326776B124FCD2EB00DC440A /* Build configuration list for PBXProject "BucketList" */ = {
			isa = XCConfigurationList;
			buildConfigurations = (
				326776C824FCD2F100DC440A /* Debug */,
				326776C924FCD2F100DC440A /* Release */,
			);
			defaultConfigurationIsVisible = 0;
			defaultConfigurationName = Release;
		};
		326776CA24FCD2F100DC440A /* Build configuration list for PBXNativeTarget "BucketList" */ = {
			isa = XCConfigurationList;
			buildConfigurations = (
				326776CB24FCD2F100DC440A /* Debug */,
				326776CC24FCD2F100DC440A /* Release */,
			);
			defaultConfigurationIsVisible = 0;
			defaultConfigurationName = Release;
		};
/* End XCConfigurationList section */
	};
	rootObject = 326776AE24FCD2EB00DC440A /* Project object */;
}
